<Solution>
  <Project Path="MusicDrop.Core/MusicDrop.Core.csproj" />
  <Project Path="MusicDrop3/MFlacDrop.csproj" />
  <Project Path="MusicDrop3.Cli/MusicDrop3.Cli.csproj" />
  <Project Path="MusicDrop3.Portable.Cli/MusicDrop3.Portable.Cli.csproj" />
  <Project Path="MusicDrop.Desktop/MusicDrop.Desktop.csproj" />
  <Project Path="MusicDrop3.Harness/MusicDrop3.Harness.csproj" />
  <Project Path="MusicDrop.Core.Harness/MusicDrop.Core.Harness.csproj" />
  <Project Path="MusicDrop3.LicenseIssuer/MusicDrop3.LicenseIssuer.csproj" />
</Solution>
